PODS:
  - Realm (3.7.4):
    - Realm/Headers (= 3.7.4)
  - Realm/Headers (3.7.4)
  - RealmSwift (3.7.4):
    - Realm (= 3.7.4)

DEPENDENCIES:
  - RealmSwift

SPEC CHECKSUMS:
  Realm: a469bb59e33f9926102ccaea4349822c53b9117e
  RealmSwift: a45861b21c180f5cf0f122144b9759fa8dde3e9e

PODFILE CHECKSUM: 0f2349318f605360d872d0cfb8683adda94148b2

COCOAPODS: 1.4.0
