// !$*UTF8*$!
{
	archiveVersion = 1;
	classes = {
	};
	objectVersion = 50;
	objects = {

/* Begin PBXBuildFile section */
		4F58D5B6796394899773F54A /* Pods_demo_realm_usecase.framework in Frameworks */ = {isa = PBXBuildFile; fileRef = 0D4265AE9442DBAD72CCC615 /* Pods_demo_realm_usecase.framework */; };
		6CF31867330960A620B2742B /* Pods_demo_realm_usecaseTests.framework in Frameworks */ = {isa = PBXBuildFile; fileRef = 9E439A7298ADB52851F4284C /* Pods_demo_realm_usecaseTests.framework */; };
		E1479C0A2116DB5C00E5119D /* AppDelegate.swift in Sources */ = {isa = PBXBuildFile; fileRef = E1479C092116DB5C00E5119D /* AppDelegate.swift */; };
		E1479C0C2116DB5C00E5119D /* ViewController.swift in Sources */ = {isa = PBXBuildFile; fileRef = E1479C0B2116DB5C00E5119D /* ViewController.swift */; };
		E1479C0F2116DB5C00E5119D /* Main.storyboard in Resources */ = {isa = PBXBuildFile; fileRef = E1479C0D2116DB5C00E5119D /* Main.storyboard */; };
		E1479C112116DB5F00E5119D /* Assets.xcassets in Resources */ = {isa = PBXBuildFile; fileRef = E1479C102116DB5F00E5119D /* Assets.xcassets */; };
		E1479C142116DB5F00E5119D /* LaunchScreen.storyboard in Resources */ = {isa = PBXBuildFile; fileRef = E1479C122116DB5F00E5119D /* LaunchScreen.storyboard */; };
		E1479C1F2116DB5F00E5119D /* demo_realm_usecaseTests.swift in Sources */ = {isa = PBXBuildFile; fileRef = E1479C1E2116DB5F00E5119D /* demo_realm_usecaseTests.swift */; };
		E1479C2B2116F47200E5119D /* Persistable.swift in Sources */ = {isa = PBXBuildFile; fileRef = E1479C2A2116F47200E5119D /* Persistable.swift */; };
		E1479C2C2116F47700E5119D /* Persistable.swift in Sources */ = {isa = PBXBuildFile; fileRef = E1479C2A2116F47200E5119D /* Persistable.swift */; };
		E1479C2F21174FC400E5119D /* User.swift in Sources */ = {isa = PBXBuildFile; fileRef = E1479C2E21174FC400E5119D /* User.swift */; };
		E1479C3021174FC400E5119D /* User.swift in Sources */ = {isa = PBXBuildFile; fileRef = E1479C2E21174FC400E5119D /* User.swift */; };
/* End PBXBuildFile section */

/* Begin PBXContainerItemProxy section */
		E1479C1B2116DB5F00E5119D /* PBXContainerItemProxy */ = {
			isa = PBXContainerItemProxy;
			containerPortal = E1479BFE2116DB5C00E5119D /* Project object */;
			proxyType = 1;
			remoteGlobalIDString = E1479C052116DB5C00E5119D;
			remoteInfo = "demo-realm-usecase";
		};
/* End PBXContainerItemProxy section */

/* Begin PBXFileReference section */
		0D4265AE9442DBAD72CCC615 /* Pods_demo_realm_usecase.framework */ = {isa = PBXFileReference; explicitFileType = wrapper.framework; includeInIndex = 0; path = Pods_demo_realm_usecase.framework; sourceTree = BUILT_PRODUCTS_DIR; };
		268C6DDD059137C1B864A9D3 /* Pods-demo-realm-usecaseTests.release.xcconfig */ = {isa = PBXFileReference; includeInIndex = 1; lastKnownFileType = text.xcconfig; name = "Pods-demo-realm-usecaseTests.release.xcconfig"; path = "Pods/Target Support Files/Pods-demo-realm-usecaseTests/Pods-demo-realm-usecaseTests.release.xcconfig"; sourceTree = "<group>"; };
		6FCAE1C4AC9D9F20AEE2C7E0 /* Pods-demo-realm-usecase.debug.xcconfig */ = {isa = PBXFileReference; includeInIndex = 1; lastKnownFileType = text.xcconfig; name = "Pods-demo-realm-usecase.debug.xcconfig"; path = "Pods/Target Support Files/Pods-demo-realm-usecase/Pods-demo-realm-usecase.debug.xcconfig"; sourceTree = "<group>"; };
		8197260D7CD0FD3BCF6F0D66 /* Pods-demo-realm-usecaseTests.debug.xcconfig */ = {isa = PBXFileReference; includeInIndex = 1; lastKnownFileType = text.xcconfig; name = "Pods-demo-realm-usecaseTests.debug.xcconfig"; path = "Pods/Target Support Files/Pods-demo-realm-usecaseTests/Pods-demo-realm-usecaseTests.debug.xcconfig"; sourceTree = "<group>"; };
		9E439A7298ADB52851F4284C /* Pods_demo_realm_usecaseTests.framework */ = {isa = PBXFileReference; explicitFileType = wrapper.framework; includeInIndex = 0; path = Pods_demo_realm_usecaseTests.framework; sourceTree = BUILT_PRODUCTS_DIR; };
		D809E6A62EEE7AE9A42316BE /* Pods-demo-realm-usecase.release.xcconfig */ = {isa = PBXFileReference; includeInIndex = 1; lastKnownFileType = text.xcconfig; name = "Pods-demo-realm-usecase.release.xcconfig"; path = "Pods/Target Support Files/Pods-demo-realm-usecase/Pods-demo-realm-usecase.release.xcconfig"; sourceTree = "<group>"; };
		E1479C062116DB5C00E5119D /* demo-realm-usecase.app */ = {isa = PBXFileReference; explicitFileType = wrapper.application; includeInIndex = 0; path = "demo-realm-usecase.app"; sourceTree = BUILT_PRODUCTS_DIR; };
		E1479C092116DB5C00E5119D /* AppDelegate.swift */ = {isa = PBXFileReference; lastKnownFileType = sourcecode.swift; path = AppDelegate.swift; sourceTree = "<group>"; };
		E1479C0B2116DB5C00E5119D /* ViewController.swift */ = {isa = PBXFileReference; lastKnownFileType = sourcecode.swift; path = ViewController.swift; sourceTree = "<group>"; };
		E1479C0E2116DB5C00E5119D /* Base */ = {isa = PBXFileReference; lastKnownFileType = file.storyboard; name = Base; path = Base.lproj/Main.storyboard; sourceTree = "<group>"; };
		E1479C102116DB5F00E5119D /* Assets.xcassets */ = {isa = PBXFileReference; lastKnownFileType = folder.assetcatalog; path = Assets.xcassets; sourceTree = "<group>"; };
		E1479C132116DB5F00E5119D /* Base */ = {isa = PBXFileReference; lastKnownFileType = file.storyboard; name = Base; path = Base.lproj/LaunchScreen.storyboard; sourceTree = "<group>"; };
		E1479C152116DB5F00E5119D /* Info.plist */ = {isa = PBXFileReference; lastKnownFileType = text.plist.xml; path = Info.plist; sourceTree = "<group>"; };
		E1479C1A2116DB5F00E5119D /* demo-realm-usecaseTests.xctest */ = {isa = PBXFileReference; explicitFileType = wrapper.cfbundle; includeInIndex = 0; path = "demo-realm-usecaseTests.xctest"; sourceTree = BUILT_PRODUCTS_DIR; };
		E1479C1E2116DB5F00E5119D /* demo_realm_usecaseTests.swift */ = {isa = PBXFileReference; lastKnownFileType = sourcecode.swift; path = demo_realm_usecaseTests.swift; sourceTree = "<group>"; };
		E1479C202116DB5F00E5119D /* Info.plist */ = {isa = PBXFileReference; lastKnownFileType = text.plist.xml; path = Info.plist; sourceTree = "<group>"; };
		E1479C2A2116F47200E5119D /* Persistable.swift */ = {isa = PBXFileReference; lastKnownFileType = sourcecode.swift; path = Persistable.swift; sourceTree = "<group>"; };
		E1479C2E21174FC400E5119D /* User.swift */ = {isa = PBXFileReference; lastKnownFileType = sourcecode.swift; path = User.swift; sourceTree = "<group>"; };
/* End PBXFileReference section */

/* Begin PBXFrameworksBuildPhase section */
		E1479C032116DB5C00E5119D /* Frameworks */ = {
			isa = PBXFrameworksBuildPhase;
			buildActionMask = 2147483647;
			files = (
				4F58D5B6796394899773F54A /* Pods_demo_realm_usecase.framework in Frameworks */,
			);
			runOnlyForDeploymentPostprocessing = 0;
		};
		E1479C172116DB5F00E5119D /* Frameworks */ = {
			isa = PBXFrameworksBuildPhase;
			buildActionMask = 2147483647;
			files = (
				6CF31867330960A620B2742B /* Pods_demo_realm_usecaseTests.framework in Frameworks */,
			);
			runOnlyForDeploymentPostprocessing = 0;
		};
/* End PBXFrameworksBuildPhase section */

/* Begin PBXGroup section */
		07DDC177C70A0684763D6823 /* Frameworks */ = {
			isa = PBXGroup;
			children = (
				0D4265AE9442DBAD72CCC615 /* Pods_demo_realm_usecase.framework */,
				9E439A7298ADB52851F4284C /* Pods_demo_realm_usecaseTests.framework */,
			);
			name = Frameworks;
			sourceTree = "<group>";
		};
		936C7B6BEC38FF786DFC49C3 /* Pods */ = {
			isa = PBXGroup;
			children = (
				6FCAE1C4AC9D9F20AEE2C7E0 /* Pods-demo-realm-usecase.debug.xcconfig */,
				D809E6A62EEE7AE9A42316BE /* Pods-demo-realm-usecase.release.xcconfig */,
				8197260D7CD0FD3BCF6F0D66 /* Pods-demo-realm-usecaseTests.debug.xcconfig */,
				268C6DDD059137C1B864A9D3 /* Pods-demo-realm-usecaseTests.release.xcconfig */,
			);
			name = Pods;
			sourceTree = "<group>";
		};
		E1479BFD2116DB5C00E5119D = {
			isa = PBXGroup;
			children = (
				E1479C082116DB5C00E5119D /* demo-realm-usecase */,
				E1479C1D2116DB5F00E5119D /* demo-realm-usecaseTests */,
				E1479C072116DB5C00E5119D /* Products */,
				936C7B6BEC38FF786DFC49C3 /* Pods */,
				07DDC177C70A0684763D6823 /* Frameworks */,
			);
			sourceTree = "<group>";
		};
		E1479C072116DB5C00E5119D /* Products */ = {
			isa = PBXGroup;
			children = (
				E1479C062116DB5C00E5119D /* demo-realm-usecase.app */,
				E1479C1A2116DB5F00E5119D /* demo-realm-usecaseTests.xctest */,
			);
			name = Products;
			sourceTree = "<group>";
		};
		E1479C082116DB5C00E5119D /* demo-realm-usecase */ = {
			isa = PBXGroup;
			children = (
				E1479C2D21174F7F00E5119D /* Entities */,
				E1479C292116F41E00E5119D /* Repositories */,
				E1479C092116DB5C00E5119D /* AppDelegate.swift */,
				E1479C0B2116DB5C00E5119D /* ViewController.swift */,
				E1479C0D2116DB5C00E5119D /* Main.storyboard */,
				E1479C102116DB5F00E5119D /* Assets.xcassets */,
				E1479C122116DB5F00E5119D /* LaunchScreen.storyboard */,
				E1479C152116DB5F00E5119D /* Info.plist */,
			);
			path = "demo-realm-usecase";
			sourceTree = "<group>";
		};
		E1479C1D2116DB5F00E5119D /* demo-realm-usecaseTests */ = {
			isa = PBXGroup;
			children = (
				E1479C1E2116DB5F00E5119D /* demo_realm_usecaseTests.swift */,
				E1479C202116DB5F00E5119D /* Info.plist */,
			);
			path = "demo-realm-usecaseTests";
			sourceTree = "<group>";
		};
		E1479C292116F41E00E5119D /* Repositories */ = {
			isa = PBXGroup;
			children = (
				E1479C2A2116F47200E5119D /* Persistable.swift */,
			);
			path = Repositories;
			sourceTree = "<group>";
		};
		E1479C2D21174F7F00E5119D /* Entities */ = {
			isa = PBXGroup;
			children = (
				E1479C2E21174FC400E5119D /* User.swift */,
			);
			path = Entities;
			sourceTree = "<group>";
		};
/* End PBXGroup section */

/* Begin PBXNativeTarget section */
		E1479C052116DB5C00E5119D /* demo-realm-usecase */ = {
			isa = PBXNativeTarget;
			buildConfigurationList = E1479C232116DB5F00E5119D /* Build configuration list for PBXNativeTarget "demo-realm-usecase" */;
			buildPhases = (
				30C489DC8A667176A60394D1 /* [CP] Check Pods Manifest.lock */,
				E1479C022116DB5C00E5119D /* Sources */,
				E1479C032116DB5C00E5119D /* Frameworks */,
				E1479C042116DB5C00E5119D /* Resources */,
				C2AEB3EE35F0DF43A7C5562E /* [CP] Embed Pods Frameworks */,
				EE960FADED1E923230C95E48 /* [CP] Copy Pods Resources */,
			);
			buildRules = (
			);
			dependencies = (
			);
			name = "demo-realm-usecase";
			productName = "demo-realm-usecase";
			productReference = E1479C062116DB5C00E5119D /* demo-realm-usecase.app */;
			productType = "com.apple.product-type.application";
		};
		E1479C192116DB5F00E5119D /* demo-realm-usecaseTests */ = {
			isa = PBXNativeTarget;
			buildConfigurationList = E1479C262116DB5F00E5119D /* Build configuration list for PBXNativeTarget "demo-realm-usecaseTests" */;
			buildPhases = (
				1917460C73022E0442FEF6D7 /* [CP] Check Pods Manifest.lock */,
				E1479C162116DB5F00E5119D /* Sources */,
				E1479C172116DB5F00E5119D /* Frameworks */,
				E1479C182116DB5F00E5119D /* Resources */,
				DC52AFD937FA7DF03765E2C9 /* [CP] Embed Pods Frameworks */,
				ABD589D86325C8F9E6F6C3E8 /* [CP] Copy Pods Resources */,
			);
			buildRules = (
			);
			dependencies = (
				E1479C1C2116DB5F00E5119D /* PBXTargetDependency */,
			);
			name = "demo-realm-usecaseTests";
			productName = "demo-realm-usecaseTests";
			productReference = E1479C1A2116DB5F00E5119D /* demo-realm-usecaseTests.xctest */;
			productType = "com.apple.product-type.bundle.unit-test";
		};
/* End PBXNativeTarget section */

/* Begin PBXProject section */
		E1479BFE2116DB5C00E5119D /* Project object */ = {
			isa = PBXProject;
			attributes = {
				LastSwiftUpdateCheck = 0940;
				LastUpgradeCheck = 0940;
				ORGANIZATIONNAME = Takumi;
				TargetAttributes = {
					E1479C052116DB5C00E5119D = {
						CreatedOnToolsVersion = 9.4.1;
					};
					E1479C192116DB5F00E5119D = {
						CreatedOnToolsVersion = 9.4.1;
						TestTargetID = E1479C052116DB5C00E5119D;
					};
				};
			};
			buildConfigurationList = E1479C012116DB5C00E5119D /* Build configuration list for PBXProject "demo-realm-usecase" */;
			compatibilityVersion = "Xcode 9.3";
			developmentRegion = en;
			hasScannedForEncodings = 0;
			knownRegions = (
				en,
				Base,
			);
			mainGroup = E1479BFD2116DB5C00E5119D;
			productRefGroup = E1479C072116DB5C00E5119D /* Products */;
			projectDirPath = "";
			projectRoot = "";
			targets = (
				E1479C052116DB5C00E5119D /* demo-realm-usecase */,
				E1479C192116DB5F00E5119D /* demo-realm-usecaseTests */,
			);
		};
/* End PBXProject section */

/* Begin PBXResourcesBuildPhase section */
		E1479C042116DB5C00E5119D /* Resources */ = {
			isa = PBXResourcesBuildPhase;
			buildActionMask = 2147483647;
			files = (
				E1479C142116DB5F00E5119D /* LaunchScreen.storyboard in Resources */,
				E1479C112116DB5F00E5119D /* Assets.xcassets in Resources */,
				E1479C0F2116DB5C00E5119D /* Main.storyboard in Resources */,
			);
			runOnlyForDeploymentPostprocessing = 0;
		};
		E1479C182116DB5F00E5119D /* Resources */ = {
			isa = PBXResourcesBuildPhase;
			buildActionMask = 2147483647;
			files = (
			);
			runOnlyForDeploymentPostprocessing = 0;
		};
/* End PBXResourcesBuildPhase section */

/* Begin PBXShellScriptBuildPhase section */
		1917460C73022E0442FEF6D7 /* [CP] Check Pods Manifest.lock */ = {
			isa = PBXShellScriptBuildPhase;
			buildActionMask = 2147483647;
			files = (
			);
			inputPaths = (
				"${PODS_PODFILE_DIR_PATH}/Podfile.lock",
				"${PODS_ROOT}/Manifest.lock",
			);
			name = "[CP] Check Pods Manifest.lock";
			outputPaths = (
				"$(DERIVED_FILE_DIR)/Pods-demo-realm-usecaseTests-checkManifestLockResult.txt",
			);
			runOnlyForDeploymentPostprocessing = 0;
			shellPath = /bin/sh;
			shellScript = "diff \"${PODS_PODFILE_DIR_PATH}/Podfile.lock\" \"${PODS_ROOT}/Manifest.lock\" > /dev/null\nif [ $? != 0 ] ; then\n    # print error to STDERR\n    echo \"error: The sandbox is not in sync with the Podfile.lock. Run 'pod install' or update your CocoaPods installation.\" >&2\n    exit 1\nfi\n# This output is used by Xcode 'outputs' to avoid re-running this script phase.\necho \"SUCCESS\" > \"${SCRIPT_OUTPUT_FILE_0}\"\n";
			showEnvVarsInLog = 0;
		};
		30C489DC8A667176A60394D1 /* [CP] Check Pods Manifest.lock */ = {
			isa = PBXShellScriptBuildPhase;
			buildActionMask = 2147483647;
			files = (
			);
			inputPaths = (
				"${PODS_PODFILE_DIR_PATH}/Podfile.lock",
				"${PODS_ROOT}/Manifest.lock",
			);
			name = "[CP] Check Pods Manifest.lock";
			outputPaths = (
				"$(DERIVED_FILE_DIR)/Pods-demo-realm-usecase-checkManifestLockResult.txt",
			);
			runOnlyForDeploymentPostprocessing = 0;
			shellPath = /bin/sh;
			shellScript = "diff \"${PODS_PODFILE_DIR_PATH}/Podfile.lock\" \"${PODS_ROOT}/Manifest.lock\" > /dev/null\nif [ $? != 0 ] ; then\n    # print error to STDERR\n    echo \"error: The sandbox is not in sync with the Podfile.lock. Run 'pod install' or update your CocoaPods installation.\" >&2\n    exit 1\nfi\n# This output is used by Xcode 'outputs' to avoid re-running this script phase.\necho \"SUCCESS\" > \"${SCRIPT_OUTPUT_FILE_0}\"\n";
			showEnvVarsInLog = 0;
		};
		ABD589D86325C8F9E6F6C3E8 /* [CP] Copy Pods Resources */ = {
			isa = PBXShellScriptBuildPhase;
			buildActionMask = 2147483647;
			files = (
			);
			inputPaths = (
			);
			name = "[CP] Copy Pods Resources";
			outputPaths = (
			);
			runOnlyForDeploymentPostprocessing = 0;
			shellPath = /bin/sh;
			shellScript = "\"${SRCROOT}/Pods/Target Support Files/Pods-demo-realm-usecaseTests/Pods-demo-realm-usecaseTests-resources.sh\"\n";
			showEnvVarsInLog = 0;
		};
		C2AEB3EE35F0DF43A7C5562E /* [CP] Embed Pods Frameworks */ = {
			isa = PBXShellScriptBuildPhase;
			buildActionMask = 2147483647;
			files = (
			);
			inputPaths = (
				"${SRCROOT}/Pods/Target Support Files/Pods-demo-realm-usecase/Pods-demo-realm-usecase-frameworks.sh",
				"${BUILT_PRODUCTS_DIR}/Realm/Realm.framework",
				"${BUILT_PRODUCTS_DIR}/RealmSwift/RealmSwift.framework",
			);
			name = "[CP] Embed Pods Frameworks";
			outputPaths = (
				"${TARGET_BUILD_DIR}/${FRAMEWORKS_FOLDER_PATH}/Realm.framework",
				"${TARGET_BUILD_DIR}/${FRAMEWORKS_FOLDER_PATH}/RealmSwift.framework",
			);
			runOnlyForDeploymentPostprocessing = 0;
			shellPath = /bin/sh;
			shellScript = "\"${SRCROOT}/Pods/Target Support Files/Pods-demo-realm-usecase/Pods-demo-realm-usecase-frameworks.sh\"\n";
			showEnvVarsInLog = 0;
		};
		DC52AFD937FA7DF03765E2C9 /* [CP] Embed Pods Frameworks */ = {
			isa = PBXShellScriptBuildPhase;
			buildActionMask = 2147483647;
			files = (
			);
			inputPaths = (
				"${SRCROOT}/Pods/Target Support Files/Pods-demo-realm-usecaseTests/Pods-demo-realm-usecaseTests-frameworks.sh",
				"${BUILT_PRODUCTS_DIR}/Realm/Realm.framework",
				"${BUILT_PRODUCTS_DIR}/RealmSwift/RealmSwift.framework",
			);
			name = "[CP] Embed Pods Frameworks";
			outputPaths = (
				"${TARGET_BUILD_DIR}/${FRAMEWORKS_FOLDER_PATH}/Realm.framework",
				"${TARGET_BUILD_DIR}/${FRAMEWORKS_FOLDER_PATH}/RealmSwift.framework",
			);
			runOnlyForDeploymentPostprocessing = 0;
			shellPath = /bin/sh;
			shellScript = "\"${SRCROOT}/Pods/Target Support Files/Pods-demo-realm-usecaseTests/Pods-demo-realm-usecaseTests-frameworks.sh\"\n";
			showEnvVarsInLog = 0;
		};
		EE960FADED1E923230C95E48 /* [CP] Copy Pods Resources */ = {
			isa = PBXShellScriptBuildPhase;
			buildActionMask = 2147483647;
			files = (
			);
			inputPaths = (
			);
			name = "[CP] Copy Pods Resources";
			outputPaths = (
			);
			runOnlyForDeploymentPostprocessing = 0;
			shellPath = /bin/sh;
			shellScript = "\"${SRCROOT}/Pods/Target Support Files/Pods-demo-realm-usecase/Pods-demo-realm-usecase-resources.sh\"\n";
			showEnvVarsInLog = 0;
		};
/* End PBXShellScriptBuildPhase section */

/* Begin PBXSourcesBuildPhase section */
		E1479C022116DB5C00E5119D /* Sources */ = {
			isa = PBXSourcesBuildPhase;
			buildActionMask = 2147483647;
			files = (
				E1479C2F21174FC400E5119D /* User.swift in Sources */,
				E1479C2B2116F47200E5119D /* Persistable.swift in Sources */,
				E1479C0C2116DB5C00E5119D /* ViewController.swift in Sources */,
				E1479C0A2116DB5C00E5119D /* AppDelegate.swift in Sources */,
			);
			runOnlyForDeploymentPostprocessing = 0;
		};
		E1479C162116DB5F00E5119D /* Sources */ = {
			isa = PBXSourcesBuildPhase;
			buildActionMask = 2147483647;
			files = (
				E1479C2C2116F47700E5119D /* Persistable.swift in Sources */,
				E1479C1F2116DB5F00E5119D /* demo_realm_usecaseTests.swift in Sources */,
				E1479C3021174FC400E5119D /* User.swift in Sources */,
			);
			runOnlyForDeploymentPostprocessing = 0;
		};
/* End PBXSourcesBuildPhase section */

/* Begin PBXTargetDependency section */
		E1479C1C2116DB5F00E5119D /* PBXTargetDependency */ = {
			isa = PBXTargetDependency;
			target = E1479C052116DB5C00E5119D /* demo-realm-usecase */;
			targetProxy = E1479C1B2116DB5F00E5119D /* PBXContainerItemProxy */;
		};
/* End PBXTargetDependency section */

/* Begin PBXVariantGroup section */
		E1479C0D2116DB5C00E5119D /* Main.storyboard */ = {
			isa = PBXVariantGroup;
			children = (
				E1479C0E2116DB5C00E5119D /* Base */,
			);
			name = Main.storyboard;
			sourceTree = "<group>";
		};
		E1479C122116DB5F00E5119D /* LaunchScreen.storyboard */ = {
			isa = PBXVariantGroup;
			children = (
				E1479C132116DB5F00E5119D /* Base */,
			);
			name = LaunchScreen.storyboard;
			sourceTree = "<group>";
		};
/* End PBXVariantGroup section */

/* Begin XCBuildConfiguration section */
		E1479C212116DB5F00E5119D /* Debug */ = {
			isa = XCBuildConfiguration;
			buildSettings = {
				ALWAYS_SEARCH_USER_PATHS = NO;
				CLANG_ANALYZER_NONNULL = YES;
				CLANG_ANALYZER_NUMBER_OBJECT_CONVERSION = YES_AGGRESSIVE;
				CLANG_CXX_LANGUAGE_STANDARD = "gnu++14";
				CLANG_CXX_LIBRARY = "libc++";
				CLANG_ENABLE_MODULES = YES;
				CLANG_ENABLE_OBJC_ARC = YES;
				CLANG_ENABLE_OBJC_WEAK = YES;
				CLANG_WARN_BLOCK_CAPTURE_AUTORELEASING = YES;
				CLANG_WARN_BOOL_CONVERSION = YES;
				CLANG_WARN_COMMA = YES;
				CLANG_WARN_CONSTANT_CONVERSION = YES;
				CLANG_WARN_DEPRECATED_OBJC_IMPLEMENTATIONS = YES;
				CLANG_WARN_DIRECT_OBJC_ISA_USAGE = YES_ERROR;
				CLANG_WARN_DOCUMENTATION_COMMENTS = YES;
				CLANG_WARN_EMPTY_BODY = YES;
				CLANG_WARN_ENUM_CONVERSION = YES;
				CLANG_WARN_INFINITE_RECURSION = YES;
				CLANG_WARN_INT_CONVERSION = YES;
				CLANG_WARN_NON_LITERAL_NULL_CONVERSION = YES;
				CLANG_WARN_OBJC_IMPLICIT_RETAIN_SELF = YES;
				CLANG_WARN_OBJC_LITERAL_CONVERSION = YES;
				CLANG_WARN_OBJC_ROOT_CLASS = YES_ERROR;
				CLANG_WARN_RANGE_LOOP_ANALYSIS = YES;
				CLANG_WARN_STRICT_PROTOTYPES = YES;
				CLANG_WARN_SUSPICIOUS_MOVE = YES;
				CLANG_WARN_UNGUARDED_AVAILABILITY = YES_AGGRESSIVE;
				CLANG_WARN_UNREACHABLE_CODE = YES;
				CLANG_WARN__DUPLICATE_METHOD_MATCH = YES;
				CODE_SIGN_IDENTITY = "iPhone Developer";
				COPY_PHASE_STRIP = NO;
				DEBUG_INFORMATION_FORMAT = dwarf;
				ENABLE_STRICT_OBJC_MSGSEND = YES;
				ENABLE_TESTABILITY = YES;
				GCC_C_LANGUAGE_STANDARD = gnu11;
				GCC_DYNAMIC_NO_PIC = NO;
				GCC_NO_COMMON_BLOCKS = YES;
				GCC_OPTIMIZATION_LEVEL = 0;
				GCC_PREPROCESSOR_DEFINITIONS = (
					"DEBUG=1",
					"$(inherited)",
				);
				GCC_WARN_64_TO_32_BIT_CONVERSION = YES;
				GCC_WARN_ABOUT_RETURN_TYPE = YES_ERROR;
				GCC_WARN_UNDECLARED_SELECTOR = YES;
				GCC_WARN_UNINITIALIZED_AUTOS = YES_AGGRESSIVE;
				GCC_WARN_UNUSED_FUNCTION = YES;
				GCC_WARN_UNUSED_VARIABLE = YES;
				IPHONEOS_DEPLOYMENT_TARGET = 10.0;
				MTL_ENABLE_DEBUG_INFO = YES;
				ONLY_ACTIVE_ARCH = YES;
				SDKROOT = iphoneos;
				SWIFT_ACTIVE_COMPILATION_CONDITIONS = DEBUG;
				SWIFT_OPTIMIZATION_LEVEL = "-Onone";
			};
			name = Debug;
		};
		E1479C222116DB5F00E5119D /* Release */ = {
			isa = XCBuildConfiguration;
			buildSettings = {
				ALWAYS_SEARCH_USER_PATHS = NO;
				CLANG_ANALYZER_NONNULL = YES;
				CLANG_ANALYZER_NUMBER_OBJECT_CONVERSION = YES_AGGRESSIVE;
				CLANG_CXX_LANGUAGE_STANDARD = "gnu++14";
				CLANG_CXX_LIBRARY = "libc++";
				CLANG_ENABLE_MODULES = YES;
				CLANG_ENABLE_OBJC_ARC = YES;
				CLANG_ENABLE_OBJC_WEAK = YES;
				CLANG_WARN_BLOCK_CAPTURE_AUTORELEASING = YES;
				CLANG_WARN_BOOL_CONVERSION = YES;
				CLANG_WARN_COMMA = YES;
				CLANG_WARN_CONSTANT_CONVERSION = YES;
				CLANG_WARN_DEPRECATED_OBJC_IMPLEMENTATIONS = YES;
				CLANG_WARN_DIRECT_OBJC_ISA_USAGE = YES_ERROR;
				CLANG_WARN_DOCUMENTATION_COMMENTS = YES;
				CLANG_WARN_EMPTY_BODY = YES;
				CLANG_WARN_ENUM_CONVERSION = YES;
				CLANG_WARN_INFINITE_RECURSION = YES;
				CLANG_WARN_INT_CONVERSION = YES;
				CLANG_WARN_NON_LITERAL_NULL_CONVERSION = YES;
				CLANG_WARN_OBJC_IMPLICIT_RETAIN_SELF = YES;
				CLANG_WARN_OBJC_LITERAL_CONVERSION = YES;
				CLANG_WARN_OBJC_ROOT_CLASS = YES_ERROR;
				CLANG_WARN_RANGE_LOOP_ANALYSIS = YES;
				CLANG_WARN_STRICT_PROTOTYPES = YES;
				CLANG_WARN_SUSPICIOUS_MOVE = YES;
				CLANG_WARN_UNGUARDED_AVAILABILITY = YES_AGGRESSIVE;
				CLANG_WARN_UNREACHABLE_CODE = YES;
				CLANG_WARN__DUPLICATE_METHOD_MATCH = YES;
				CODE_SIGN_IDENTITY = "iPhone Developer";
				COPY_PHASE_STRIP = NO;
				DEBUG_INFORMATION_FORMAT = "dwarf-with-dsym";
				ENABLE_NS_ASSERTIONS = NO;
				ENABLE_STRICT_OBJC_MSGSEND = YES;
				GCC_C_LANGUAGE_STANDARD = gnu11;
				GCC_NO_COMMON_BLOCKS = YES;
				GCC_WARN_64_TO_32_BIT_CONVERSION = YES;
				GCC_WARN_ABOUT_RETURN_TYPE = YES_ERROR;
				GCC_WARN_UNDECLARED_SELECTOR = YES;
				GCC_WARN_UNINITIALIZED_AUTOS = YES_AGGRESSIVE;
				GCC_WARN_UNUSED_FUNCTION = YES;
				GCC_WARN_UNUSED_VARIABLE = YES;
				IPHONEOS_DEPLOYMENT_TARGET = 10.0;
				MTL_ENABLE_DEBUG_INFO = NO;
				SDKROOT = iphoneos;
				SWIFT_COMPILATION_MODE = wholemodule;
				SWIFT_OPTIMIZATION_LEVEL = "-O";
				VALIDATE_PRODUCT = YES;
			};
			name = Release;
		};
		E1479C242116DB5F00E5119D /* Debug */ = {
			isa = XCBuildConfiguration;
			baseConfigurationReference = 6FCAE1C4AC9D9F20AEE2C7E0 /* Pods-demo-realm-usecase.debug.xcconfig */;
			buildSettings = {
				ASSETCATALOG_COMPILER_APPICON_NAME = AppIcon;
				CODE_SIGN_STYLE = Automatic;
				DEVELOPMENT_TEAM = 73CEKQYV9L;
				INFOPLIST_FILE = "demo-realm-usecase/Info.plist";
				IPHONEOS_DEPLOYMENT_TARGET = 10.0;
				LD_RUNPATH_SEARCH_PATHS = (
					"$(inherited)",
					"@executable_path/Frameworks",
				);
				PRODUCT_BUNDLE_IDENTIFIER = "jp.takumi.demo-realm-usecase";
				PRODUCT_NAME = "$(TARGET_NAME)";
				SWIFT_VERSION = 4.0;
				TARGETED_DEVICE_FAMILY = "1,2";
			};
			name = Debug;
		};
		E1479C252116DB5F00E5119D /* Release */ = {
			isa = XCBuildConfiguration;
			baseConfigurationReference = D809E6A62EEE7AE9A42316BE /* Pods-demo-realm-usecase.release.xcconfig */;
			buildSettings = {
				ASSETCATALOG_COMPILER_APPICON_NAME = AppIcon;
				CODE_SIGN_STYLE = Automatic;
				DEVELOPMENT_TEAM = 73CEKQYV9L;
				INFOPLIST_FILE = "demo-realm-usecase/Info.plist";
				IPHONEOS_DEPLOYMENT_TARGET = 10.0;
				LD_RUNPATH_SEARCH_PATHS = (
					"$(inherited)",
					"@executable_path/Frameworks",
				);
				PRODUCT_BUNDLE_IDENTIFIER = "jp.takumi.demo-realm-usecase";
				PRODUCT_NAME = "$(TARGET_NAME)";
				SWIFT_VERSION = 4.0;
				TARGETED_DEVICE_FAMILY = "1,2";
			};
			name = Release;
		};
		E1479C272116DB5F00E5119D /* Debug */ = {
			isa = XCBuildConfiguration;
			baseConfigurationReference = 8197260D7CD0FD3BCF6F0D66 /* Pods-demo-realm-usecaseTests.debug.xcconfig */;
			buildSettings = {
				ALWAYS_EMBED_SWIFT_STANDARD_LIBRARIES = YES;
				BUNDLE_LOADER = "$(TEST_HOST)";
				CODE_SIGN_STYLE = Automatic;
				DEVELOPMENT_TEAM = 73CEKQYV9L;
				INFOPLIST_FILE = "demo-realm-usecaseTests/Info.plist";
				LD_RUNPATH_SEARCH_PATHS = (
					"$(inherited)",
					"@executable_path/Frameworks",
					"@loader_path/Frameworks",
				);
				PRODUCT_BUNDLE_IDENTIFIER = "jp.takumi.demo-realm-usecaseTests";
				PRODUCT_NAME = "$(TARGET_NAME)";
				SWIFT_VERSION = 4.0;
				TARGETED_DEVICE_FAMILY = "1,2";
				TEST_HOST = "$(BUILT_PRODUCTS_DIR)/demo-realm-usecase.app/demo-realm-usecase";
			};
			name = Debug;
		};
		E1479C282116DB5F00E5119D /* Release */ = {
			isa = XCBuildConfiguration;
			baseConfigurationReference = 268C6DDD059137C1B864A9D3 /* Pods-demo-realm-usecaseTests.release.xcconfig */;
			buildSettings = {
				ALWAYS_EMBED_SWIFT_STANDARD_LIBRARIES = YES;
				BUNDLE_LOADER = "$(TEST_HOST)";
				CODE_SIGN_STYLE = Automatic;
				DEVELOPMENT_TEAM = 73CEKQYV9L;
				INFOPLIST_FILE = "demo-realm-usecaseTests/Info.plist";
				LD_RUNPATH_SEARCH_PATHS = (
					"$(inherited)",
					"@executable_path/Frameworks",
					"@loader_path/Frameworks",
				);
				PRODUCT_BUNDLE_IDENTIFIER = "jp.takumi.demo-realm-usecaseTests";
				PRODUCT_NAME = "$(TARGET_NAME)";
				SWIFT_VERSION = 4.0;
				TARGETED_DEVICE_FAMILY = "1,2";
				TEST_HOST = "$(BUILT_PRODUCTS_DIR)/demo-realm-usecase.app/demo-realm-usecase";
			};
			name = Release;
		};
/* End XCBuildConfiguration section */

/* Begin XCConfigurationList section */
		E1479C012116DB5C00E5119D /* Build configuration list for PBXProject "demo-realm-usecase" */ = {
			isa = XCConfigurationList;
			buildConfigurations = (
				E1479C212116DB5F00E5119D /* Debug */,
				E1479C222116DB5F00E5119D /* Release */,
			);
			defaultConfigurationIsVisible = 0;
			defaultConfigurationName = Release;
		};
		E1479C232116DB5F00E5119D /* Build configuration list for PBXNativeTarget "demo-realm-usecase" */ = {
			isa = XCConfigurationList;
			buildConfigurations = (
				E1479C242116DB5F00E5119D /* Debug */,
				E1479C252116DB5F00E5119D /* Release */,
			);
			defaultConfigurationIsVisible = 0;
			defaultConfigurationName = Release;
		};
		E1479C262116DB5F00E5119D /* Build configuration list for PBXNativeTarget "demo-realm-usecaseTests" */ = {
			isa = XCConfigurationList;
			buildConfigurations = (
				E1479C272116DB5F00E5119D /* Debug */,
				E1479C282116DB5F00E5119D /* Release */,
			);
			defaultConfigurationIsVisible = 0;
			defaultConfigurationName = Release;
		};
/* End XCConfigurationList section */
	};
	rootObject = E1479BFE2116DB5C00E5119D /* Project object */;
}
